
Microsoft Visual Studio Solution File, Format Version 12.00
# Visual Studio 15
VisualStudioVersion = 15.0.27703.2035
MinimumVisualStudioVersion = 10.0.40219.1
Project("{FAE04EC0-301F-11D3-BF4B-00C04F79EFBC}") = "List_task.Android", "List_task\List_task.Android\List_task.Android.csproj", "{B5158CFA-8FFA-4929-A722-BF406783EB28}"
EndProject
Project("{FAE04EC0-301F-11D3-BF4B-00C04F79EFBC}") = "List_task.iOS", "List_task\List_task.iOS\List_task.iOS.csproj", "{09FC5A82-50B2-4D77-9931-CBEF640C7705}"
EndProject
Project("{FAE04EC0-301F-11D3-BF4B-00C04F79EFBC}") = "List_task.UWP", "List_task\List_task.UWP\List_task.UWP.csproj", "{A6E9C764-8DA3-4B08-AE72-821F88384ECA}"
EndProject
Project("{FAE04EC0-301F-11D3-BF4B-00C04F79EFBC}") = "List_task", "List_task\List_task\List_task.csproj", "{D2A17FDE-2CD2-49B6-9B35-75E361EEBE6C}"
EndProject
Global
	GlobalSection(SolutionConfigurationPlatforms) = preSolution
		Ad-Hoc|Any CPU = Ad-Hoc|Any CPU
		Ad-Hoc|ARM = Ad-Hoc|ARM
		Ad-Hoc|iPhone = Ad-Hoc|iPhone
		Ad-Hoc|iPhoneSimulator = Ad-Hoc|iPhoneSimulator
		Ad-Hoc|x64 = Ad-Hoc|x64
		Ad-Hoc|x86 = Ad-Hoc|x86
		AppStore|Any CPU = AppStore|Any CPU
		AppStore|ARM = AppStore|ARM
		AppStore|iPhone = AppStore|iPhone
		AppStore|iPhoneSimulator = AppStore|iPhoneSimulator
		AppStore|x64 = AppStore|x64
		AppStore|x86 = AppStore|x86
		Debug|Any CPU = Debug|Any CPU
		Debug|ARM = Debug|ARM
		Debug|iPhone = Debug|iPhone
		Debug|iPhoneSimulator = Debug|iPhoneSimulator
		Debug|x64 = Debug|x64
		Debug|x86 = Debug|x86
		Release|Any CPU = Release|Any CPU
		Release|ARM = Release|ARM
		Release|iPhone = Release|iPhone
		Release|iPhoneSimulator = Release|iPhoneSimulator
		Release|x64 = Release|x64
		Release|x86 = Release|x86
	EndGlobalSection
	GlobalSection(ProjectConfigurationPlatforms) = postSolution
		{B5158CFA-8FFA-4929-A722-BF406783EB28}.Ad-Hoc|Any CPU.ActiveCfg = Release|Any CPU
		{B5158CFA-8FFA-4929-A722-BF406783EB28}.Ad-Hoc|Any CPU.Build.0 = Release|Any CPU
		{B5158CFA-8FFA-4929-A722-BF406783EB28}.Ad-Hoc|Any CPU.Deploy.0 = Release|Any CPU
		{B5158CFA-8FFA-4929-A722-BF406783EB28}.Ad-Hoc|ARM.ActiveCfg = Release|Any CPU
		{B5158CFA-8FFA-4929-A722-BF406783EB28}.Ad-Hoc|ARM.Build.0 = Release|Any CPU
		{B5158CFA-8FFA-4929-A722-BF406783EB28}.Ad-Hoc|ARM.Deploy.0 = Release|Any CPU
		{B5158CFA-8FFA-4929-A722-BF406783EB28}.Ad-Hoc|iPhone.ActiveCfg = Release|Any CPU
		{B5158CFA-8FFA-4929-A722-BF406783EB28}.Ad-Hoc|iPhone.Build.0 = Release|Any CPU
		{B5158CFA-8FFA-4929-A722-BF406783EB28}.Ad-Hoc|iPhone.Deploy.0 = Release|Any CPU
		{B5158CFA-8FFA-4929-A722-BF406783EB28}.Ad-Hoc|iPhoneSimulator.ActiveCfg = Release|Any CPU
		{B5158CFA-8FFA-4929-A722-BF406783EB28}.Ad-Hoc|iPhoneSimulator.Build.0 = Release|Any CPU
		{B5158CFA-8FFA-4929-A722-BF406783EB28}.Ad-Hoc|iPhoneSimulator.Deploy.0 = Release|Any CPU
		{B5158CFA-8FFA-4929-A722-BF406783EB28}.Ad-Hoc|x64.ActiveCfg = Release|Any CPU
		{B5158CFA-8FFA-4929-A722-BF406783EB28}.Ad-Hoc|x64.Build.0 = Release|Any CPU
		{B5158CFA-8FFA-4929-A722-BF406783EB28}.Ad-Hoc|x64.Deploy.0 = Release|Any CPU
		{B5158CFA-8FFA-4929-A722-BF406783EB28}.Ad-Hoc|x86.ActiveCfg = Release|Any CPU
		{B5158CFA-8FFA-4929-A722-BF406783EB28}.Ad-Hoc|x86.Build.0 = Release|Any CPU
		{B5158CFA-8FFA-4929-A722-BF406783EB28}.Ad-Hoc|x86.Deploy.0 = Release|Any CPU
		{B5158CFA-8FFA-4929-A722-BF406783EB28}.AppStore|Any CPU.ActiveCfg = Release|Any CPU
		{B5158CFA-8FFA-4929-A722-BF406783EB28}.AppStore|Any CPU.Build.0 = Release|Any CPU
		{B5158CFA-8FFA-4929-A722-BF406783EB28}.AppStore|Any CPU.Deploy.0 = Release|Any CPU
		{B5158CFA-8FFA-4929-A722-BF406783EB28}.AppStore|ARM.ActiveCfg = Release|Any CPU
		{B5158CFA-8FFA-4929-A722-BF406783EB28}.AppStore|ARM.Build.0 = Release|Any CPU
		{B5158CFA-8FFA-4929-A722-BF406783EB28}.AppStore|ARM.Deploy.0 = Release|Any CPU
		{B5158CFA-8FFA-4929-A722-BF406783EB28}.AppStore|iPhone.ActiveCfg = Release|Any CPU
		{B5158CFA-8FFA-4929-A722-BF406783EB28}.AppStore|iPhone.Build.0 = Release|Any CPU
		{B5158CFA-8FFA-4929-A722-BF406783EB28}.AppStore|iPhone.Deploy.0 = Release|Any CPU
		{B5158CFA-8FFA-4929-A722-BF406783EB28}.AppStore|iPhoneSimulator.ActiveCfg = Release|Any CPU
		{B5158CFA-8FFA-4929-A722-BF406783EB28}.AppStore|iPhoneSimulator.Build.0 = Release|Any CPU
		{B5158CFA-8FFA-4929-A722-BF406783EB28}.AppStore|iPhoneSimulator.Deploy.0 = Release|Any CPU
		{B5158CFA-8FFA-4929-A722-BF406783EB28}.AppStore|x64.ActiveCfg = Release|Any CPU
		{B5158CFA-8FFA-4929-A722-BF406783EB28}.AppStore|x64.Build.0 = Release|Any CPU
		{B5158CFA-8FFA-4929-A722-BF406783EB28}.AppStore|x64.Deploy.0 = Release|Any CPU
		{B5158CFA-8FFA-4929-A722-BF406783EB28}.AppStore|x86.ActiveCfg = Release|Any CPU
		{B5158CFA-8FFA-4929-A722-BF406783EB28}.AppStore|x86.Build.0 = Release|Any CPU
		{B5158CFA-8FFA-4929-A722-BF406783EB28}.AppStore|x86.Deploy.0 = Release|Any CPU
		{B5158CFA-8FFA-4929-A722-BF406783EB28}.Debug|Any CPU.ActiveCfg = Debug|Any CPU
		{B5158CFA-8FFA-4929-A722-BF406783EB28}.Debug|Any CPU.Build.0 = Debug|Any CPU
		{B5158CFA-8FFA-4929-A722-BF406783EB28}.Debug|Any CPU.Deploy.0 = Debug|Any CPU
		{B5158CFA-8FFA-4929-A722-BF406783EB28}.Debug|ARM.ActiveCfg = Debug|Any CPU
		{B5158CFA-8FFA-4929-A722-BF406783EB28}.Debug|ARM.Build.0 = Debug|Any CPU
		{B5158CFA-8FFA-4929-A722-BF406783EB28}.Debug|ARM.Deploy.0 = Debug|Any CPU
		{B5158CFA-8FFA-4929-A722-BF406783EB28}.Debug|iPhone.ActiveCfg = Debug|Any CPU
		{B5158CFA-8FFA-4929-A722-BF406783EB28}.Debug|iPhone.Build.0 = Debug|Any CPU
		{B5158CFA-8FFA-4929-A722-BF406783EB28}.Debug|iPhone.Deploy.0 = Debug|Any CPU
		{B5158CFA-8FFA-4929-A722-BF406783EB28}.Debug|iPhoneSimulator.ActiveCfg = Debug|Any CPU
		{B5158CFA-8FFA-4929-A722-BF406783EB28}.Debug|iPhoneSimulator.Build.0 = Debug|Any CPU
		{B5158CFA-8FFA-4929-A722-BF406783EB28}.Debug|iPhoneSimulator.Deploy.0 = Debug|Any CPU
		{B5158CFA-8FFA-4929-A722-BF406783EB28}.Debug|x64.ActiveCfg = Debug|Any CPU
		{B5158CFA-8FFA-4929-A722-BF406783EB28}.Debug|x64.Build.0 = Debug|Any CPU
		{B5158CFA-8FFA-4929-A722-BF406783EB28}.Debug|x64.Deploy.0 = Debug|Any CPU
		{B5158CFA-8FFA-4929-A722-BF406783EB28}.Debug|x86.ActiveCfg = Debug|Any CPU
		{B5158CFA-8FFA-4929-A722-BF406783EB28}.Debug|x86.Build.0 = Debug|Any CPU
		{B5158CFA-8FFA-4929-A722-BF406783EB28}.Debug|x86.Deploy.0 = Debug|Any CPU
		{B5158CFA-8FFA-4929-A722-BF406783EB28}.Release|Any CPU.ActiveCfg = Release|Any CPU
		{B5158CFA-8FFA-4929-A722-BF406783EB28}.Release|Any CPU.Build.0 = Release|Any CPU
		{B5158CFA-8FFA-4929-A722-BF406783EB28}.Release|Any CPU.Deploy.0 = Release|Any CPU
		{B5158CFA-8FFA-4929-A722-BF406783EB28}.Release|ARM.ActiveCfg = Release|Any CPU
		{B5158CFA-8FFA-4929-A722-BF406783EB28}.Release|ARM.Build.0 = Release|Any CPU
		{B5158CFA-8FFA-4929-A722-BF406783EB28}.Release|ARM.Deploy.0 = Release|Any CPU
		{B5158CFA-8FFA-4929-A722-BF406783EB28}.Release|iPhone.ActiveCfg = Release|Any CPU
		{B5158CFA-8FFA-4929-A722-BF406783EB28}.Release|iPhone.Build.0 = Release|Any CPU
		{B5158CFA-8FFA-4929-A722-BF406783EB28}.Release|iPhone.Deploy.0 = Release|Any CPU
		{B5158CFA-8FFA-4929-A722-BF406783EB28}.Release|iPhoneSimulator.ActiveCfg = Release|Any CPU
		{B5158CFA-8FFA-4929-A722-BF406783EB28}.Release|iPhoneSimulator.Build.0 = Release|Any CPU
		{B5158CFA-8FFA-4929-A722-BF406783EB28}.Release|iPhoneSimulator.Deploy.0 = Release|Any CPU
		{B5158CFA-8FFA-4929-A722-BF406783EB28}.Release|x64.ActiveCfg = Release|Any CPU
		{B5158CFA-8FFA-4929-A722-BF406783EB28}.Release|x64.Build.0 = Release|Any CPU
		{B5158CFA-8FFA-4929-A722-BF406783EB28}.Release|x64.Deploy.0 = Release|Any CPU
		{B5158CFA-8FFA-4929-A722-BF406783EB28}.Release|x86.ActiveCfg = Release|Any CPU
		{B5158CFA-8FFA-4929-A722-BF406783EB28}.Release|x86.Build.0 = Release|Any CPU
		{B5158CFA-8FFA-4929-A722-BF406783EB28}.Release|x86.Deploy.0 = Release|Any CPU
		{09FC5A82-50B2-4D77-9931-CBEF640C7705}.Ad-Hoc|Any CPU.ActiveCfg = Ad-Hoc|iPhone
		{09FC5A82-50B2-4D77-9931-CBEF640C7705}.Ad-Hoc|Any CPU.Build.0 = Ad-Hoc|iPhone
		{09FC5A82-50B2-4D77-9931-CBEF640C7705}.Ad-Hoc|Any CPU.Deploy.0 = Ad-Hoc|iPhone
		{09FC5A82-50B2-4D77-9931-CBEF640C7705}.Ad-Hoc|ARM.ActiveCfg = Ad-Hoc|iPhone
		{09FC5A82-50B2-4D77-9931-CBEF640C7705}.Ad-Hoc|ARM.Build.0 = Ad-Hoc|iPhone
		{09FC5A82-50B2-4D77-9931-CBEF640C7705}.Ad-Hoc|ARM.Deploy.0 = Ad-Hoc|iPhone
		{09FC5A82-50B2-4D77-9931-CBEF640C7705}.Ad-Hoc|iPhone.ActiveCfg = Ad-Hoc|iPhone
		{09FC5A82-50B2-4D77-9931-CBEF640C7705}.Ad-Hoc|iPhone.Build.0 = Ad-Hoc|iPhone
		{09FC5A82-50B2-4D77-9931-CBEF640C7705}.Ad-Hoc|iPhone.Deploy.0 = Ad-Hoc|iPhone
		{09FC5A82-50B2-4D77-9931-CBEF640C7705}.Ad-Hoc|iPhoneSimulator.ActiveCfg = Ad-Hoc|iPhoneSimulator
		{09FC5A82-50B2-4D77-9931-CBEF640C7705}.Ad-Hoc|iPhoneSimulator.Build.0 = Ad-Hoc|iPhoneSimulator
		{09FC5A82-50B2-4D77-9931-CBEF640C7705}.Ad-Hoc|iPhoneSimulator.Deploy.0 = Ad-Hoc|iPhoneSimulator
		{09FC5A82-50B2-4D77-9931-CBEF640C7705}.Ad-Hoc|x64.ActiveCfg = Ad-Hoc|iPhone
		{09FC5A82-50B2-4D77-9931-CBEF640C7705}.Ad-Hoc|x64.Build.0 = Ad-Hoc|iPhone
		{09FC5A82-50B2-4D77-9931-CBEF640C7705}.Ad-Hoc|x64.Deploy.0 = Ad-Hoc|iPhone
		{09FC5A82-50B2-4D77-9931-CBEF640C7705}.Ad-Hoc|x86.ActiveCfg = Ad-Hoc|iPhone
		{09FC5A82-50B2-4D77-9931-CBEF640C7705}.Ad-Hoc|x86.Build.0 = Ad-Hoc|iPhone
		{09FC5A82-50B2-4D77-9931-CBEF640C7705}.Ad-Hoc|x86.Deploy.0 = Ad-Hoc|iPhone
		{09FC5A82-50B2-4D77-9931-CBEF640C7705}.AppStore|Any CPU.ActiveCfg = AppStore|iPhone
		{09FC5A82-50B2-4D77-9931-CBEF640C7705}.AppStore|Any CPU.Build.0 = AppStore|iPhone
		{09FC5A82-50B2-4D77-9931-CBEF640C7705}.AppStore|Any CPU.Deploy.0 = AppStore|iPhone
		{09FC5A82-50B2-4D77-9931-CBEF640C7705}.AppStore|ARM.ActiveCfg = AppStore|iPhone
		{09FC5A82-50B2-4D77-9931-CBEF640C7705}.AppStore|ARM.Build.0 = AppStore|iPhone
		{09FC5A82-50B2-4D77-9931-CBEF640C7705}.AppStore|ARM.Deploy.0 = AppStore|iPhone
		{09FC5A82-50B2-4D77-9931-CBEF640C7705}.AppStore|iPhone.ActiveCfg = AppStore|iPhone
		{09FC5A82-50B2-4D77-9931-CBEF640C7705}.AppStore|iPhone.Build.0 = AppStore|iPhone
		{09FC5A82-50B2-4D77-9931-CBEF640C7705}.AppStore|iPhone.Deploy.0 = AppStore|iPhone
		{09FC5A82-50B2-4D77-9931-CBEF640C7705}.AppStore|iPhoneSimulator.ActiveCfg = AppStore|iPhoneSimulator
		{09FC5A82-50B2-4D77-9931-CBEF640C7705}.AppStore|iPhoneSimulator.Build.0 = AppStore|iPhoneSimulator
		{09FC5A82-50B2-4D77-9931-CBEF640C7705}.AppStore|iPhoneSimulator.Deploy.0 = AppStore|iPhoneSimulator
		{09FC5A82-50B2-4D77-9931-CBEF640C7705}.AppStore|x64.ActiveCfg = AppStore|iPhone
		{09FC5A82-50B2-4D77-9931-CBEF640C7705}.AppStore|x64.Build.0 = AppStore|iPhone
		{09FC5A82-50B2-4D77-9931-CBEF640C7705}.AppStore|x64.Deploy.0 = AppStore|iPhone
		{09FC5A82-50B2-4D77-9931-CBEF640C7705}.AppStore|x86.ActiveCfg = AppStore|iPhone
		{09FC5A82-50B2-4D77-9931-CBEF640C7705}.AppStore|x86.Build.0 = AppStore|iPhone
		{09FC5A82-50B2-4D77-9931-CBEF640C7705}.AppStore|x86.Deploy.0 = AppStore|iPhone
		{09FC5A82-50B2-4D77-9931-CBEF640C7705}.Debug|Any CPU.ActiveCfg = Debug|iPhoneSimulator
		{09FC5A82-50B2-4D77-9931-CBEF640C7705}.Debug|Any CPU.Build.0 = Debug|iPhoneSimulator
		{09FC5A82-50B2-4D77-9931-CBEF640C7705}.Debug|Any CPU.Deploy.0 = Debug|iPhoneSimulator
		{09FC5A82-50B2-4D77-9931-CBEF640C7705}.Debug|ARM.ActiveCfg = Debug|iPhone
		{09FC5A82-50B2-4D77-9931-CBEF640C7705}.Debug|ARM.Build.0 = Debug|iPhone
		{09FC5A82-50B2-4D77-9931-CBEF640C7705}.Debug|ARM.Deploy.0 = Debug|iPhone
		{09FC5A82-50B2-4D77-9931-CBEF640C7705}.Debug|iPhone.ActiveCfg = Debug|iPhone
		{09FC5A82-50B2-4D77-9931-CBEF640C7705}.Debug|iPhone.Build.0 = Debug|iPhone
		{09FC5A82-50B2-4D77-9931-CBEF640C7705}.Debug|iPhone.Deploy.0 = Debug|iPhone
		{09FC5A82-50B2-4D77-9931-CBEF640C7705}.Debug|iPhoneSimulator.ActiveCfg = Debug|iPhoneSimulator
		{09FC5A82-50B2-4D77-9931-CBEF640C7705}.Debug|iPhoneSimulator.Build.0 = Debug|iPhoneSimulator
		{09FC5A82-50B2-4D77-9931-CBEF640C7705}.Debug|iPhoneSimulator.Deploy.0 = Debug|iPhoneSimulator
		{09FC5A82-50B2-4D77-9931-CBEF640C7705}.Debug|x64.ActiveCfg = Debug|iPhone
		{09FC5A82-50B2-4D77-9931-CBEF640C7705}.Debug|x64.Build.0 = Debug|iPhone
		{09FC5A82-50B2-4D77-9931-CBEF640C7705}.Debug|x64.Deploy.0 = Debug|iPhone
		{09FC5A82-50B2-4D77-9931-CBEF640C7705}.Debug|x86.ActiveCfg = Debug|iPhone
		{09FC5A82-50B2-4D77-9931-CBEF640C7705}.Debug|x86.Build.0 = Debug|iPhone
		{09FC5A82-50B2-4D77-9931-CBEF640C7705}.Debug|x86.Deploy.0 = Debug|iPhone
		{09FC5A82-50B2-4D77-9931-CBEF640C7705}.Release|Any CPU.ActiveCfg = Release|iPhone
		{09FC5A82-50B2-4D77-9931-CBEF640C7705}.Release|Any CPU.Build.0 = Release|iPhone
		{09FC5A82-50B2-4D77-9931-CBEF640C7705}.Release|Any CPU.Deploy.0 = Release|iPhone
		{09FC5A82-50B2-4D77-9931-CBEF640C7705}.Release|ARM.ActiveCfg = Release|iPhone
		{09FC5A82-50B2-4D77-9931-CBEF640C7705}.Release|ARM.Build.0 = Release|iPhone
		{09FC5A82-50B2-4D77-9931-CBEF640C7705}.Release|ARM.Deploy.0 = Release|iPhone
		{09FC5A82-50B2-4D77-9931-CBEF640C7705}.Release|iPhone.ActiveCfg = Release|iPhone
		{09FC5A82-50B2-4D77-9931-CBEF640C7705}.Release|iPhone.Build.0 = Release|iPhone
		{09FC5A82-50B2-4D77-9931-CBEF640C7705}.Release|iPhone.Deploy.0 = Release|iPhone
		{09FC5A82-50B2-4D77-9931-CBEF640C7705}.Release|iPhoneSimulator.ActiveCfg = Release|iPhoneSimulator
		{09FC5A82-50B2-4D77-9931-CBEF640C7705}.Release|iPhoneSimulator.Build.0 = Release|iPhoneSimulator
		{09FC5A82-50B2-4D77-9931-CBEF640C7705}.Release|iPhoneSimulator.Deploy.0 = Release|iPhoneSimulator
		{09FC5A82-50B2-4D77-9931-CBEF640C7705}.Release|x64.ActiveCfg = Release|iPhone
		{09FC5A82-50B2-4D77-9931-CBEF640C7705}.Release|x64.Build.0 = Release|iPhone
		{09FC5A82-50B2-4D77-9931-CBEF640C7705}.Release|x64.Deploy.0 = Release|iPhone
		{09FC5A82-50B2-4D77-9931-CBEF640C7705}.Release|x86.ActiveCfg = Release|iPhone
		{09FC5A82-50B2-4D77-9931-CBEF640C7705}.Release|x86.Build.0 = Release|iPhone
		{09FC5A82-50B2-4D77-9931-CBEF640C7705}.Release|x86.Deploy.0 = Release|iPhone
		{A6E9C764-8DA3-4B08-AE72-821F88384ECA}.Ad-Hoc|Any CPU.ActiveCfg = Release|x86
		{A6E9C764-8DA3-4B08-AE72-821F88384ECA}.Ad-Hoc|Any CPU.Build.0 = Release|x86
		{A6E9C764-8DA3-4B08-AE72-821F88384ECA}.Ad-Hoc|Any CPU.Deploy.0 = Release|x86
		{A6E9C764-8DA3-4B08-AE72-821F88384ECA}.Ad-Hoc|ARM.ActiveCfg = Release|ARM
		{A6E9C764-8DA3-4B08-AE72-821F88384ECA}.Ad-Hoc|ARM.Build.0 = Release|ARM
		{A6E9C764-8DA3-4B08-AE72-821F88384ECA}.Ad-Hoc|ARM.Deploy.0 = Release|ARM
		{A6E9C764-8DA3-4B08-AE72-821F88384ECA}.Ad-Hoc|iPhone.ActiveCfg = Release|x86
		{A6E9C764-8DA3-4B08-AE72-821F88384ECA}.Ad-Hoc|iPhone.Build.0 = Release|x86
		{A6E9C764-8DA3-4B08-AE72-821F88384ECA}.Ad-Hoc|iPhone.Deploy.0 = Release|x86
		{A6E9C764-8DA3-4B08-AE72-821F88384ECA}.Ad-Hoc|iPhoneSimulator.ActiveCfg = Release|x86
		{A6E9C764-8DA3-4B08-AE72-821F88384ECA}.Ad-Hoc|iPhoneSimulator.Build.0 = Release|x86
		{A6E9C764-8DA3-4B08-AE72-821F88384ECA}.Ad-Hoc|iPhoneSimulator.Deploy.0 = Release|x86
		{A6E9C764-8DA3-4B08-AE72-821F88384ECA}.Ad-Hoc|x64.ActiveCfg = Release|x64
		{A6E9C764-8DA3-4B08-AE72-821F88384ECA}.Ad-Hoc|x64.Build.0 = Release|x64
		{A6E9C764-8DA3-4B08-AE72-821F88384ECA}.Ad-Hoc|x64.Deploy.0 = Release|x64
		{A6E9C764-8DA3-4B08-AE72-821F88384ECA}.Ad-Hoc|x86.ActiveCfg = Release|x86
		{A6E9C764-8DA3-4B08-AE72-821F88384ECA}.Ad-Hoc|x86.Build.0 = Release|x86
		{A6E9C764-8DA3-4B08-AE72-821F88384ECA}.Ad-Hoc|x86.Deploy.0 = Release|x86
		{A6E9C764-8DA3-4B08-AE72-821F88384ECA}.AppStore|Any CPU.ActiveCfg = Release|x86
		{A6E9C764-8DA3-4B08-AE72-821F88384ECA}.AppStore|Any CPU.Build.0 = Release|x86
		{A6E9C764-8DA3-4B08-AE72-821F88384ECA}.AppStore|Any CPU.Deploy.0 = Release|x86
		{A6E9C764-8DA3-4B08-AE72-821F88384ECA}.AppStore|ARM.ActiveCfg = Release|ARM
		{A6E9C764-8DA3-4B08-AE72-821F88384ECA}.AppStore|ARM.Build.0 = Release|ARM
		{A6E9C764-8DA3-4B08-AE72-821F88384ECA}.AppStore|ARM.Deploy.0 = Release|ARM
		{A6E9C764-8DA3-4B08-AE72-821F88384ECA}.AppStore|iPhone.ActiveCfg = Release|x86
		{A6E9C764-8DA3-4B08-AE72-821F88384ECA}.AppStore|iPhone.Build.0 = Release|x86
		{A6E9C764-8DA3-4B08-AE72-821F88384ECA}.AppStore|iPhone.Deploy.0 = Release|x86
		{A6E9C764-8DA3-4B08-AE72-821F88384ECA}.AppStore|iPhoneSimulator.ActiveCfg = Release|x86
		{A6E9C764-8DA3-4B08-AE72-821F88384ECA}.AppStore|iPhoneSimulator.Build.0 = Release|x86
		{A6E9C764-8DA3-4B08-AE72-821F88384ECA}.AppStore|iPhoneSimulator.Deploy.0 = Release|x86
		{A6E9C764-8DA3-4B08-AE72-821F88384ECA}.AppStore|x64.ActiveCfg = Release|x64
		{A6E9C764-8DA3-4B08-AE72-821F88384ECA}.AppStore|x64.Build.0 = Release|x64
		{A6E9C764-8DA3-4B08-AE72-821F88384ECA}.AppStore|x64.Deploy.0 = Release|x64
		{A6E9C764-8DA3-4B08-AE72-821F88384ECA}.AppStore|x86.ActiveCfg = Release|x86
		{A6E9C764-8DA3-4B08-AE72-821F88384ECA}.AppStore|x86.Build.0 = Release|x86
		{A6E9C764-8DA3-4B08-AE72-821F88384ECA}.AppStore|x86.Deploy.0 = Release|x86
		{A6E9C764-8DA3-4B08-AE72-821F88384ECA}.Debug|Any CPU.ActiveCfg = Debug|x86
		{A6E9C764-8DA3-4B08-AE72-821F88384ECA}.Debug|Any CPU.Build.0 = Debug|x86
		{A6E9C764-8DA3-4B08-AE72-821F88384ECA}.Debug|Any CPU.Deploy.0 = Debug|x86
		{A6E9C764-8DA3-4B08-AE72-821F88384ECA}.Debug|ARM.ActiveCfg = Debug|ARM
		{A6E9C764-8DA3-4B08-AE72-821F88384ECA}.Debug|ARM.Build.0 = Debug|ARM
		{A6E9C764-8DA3-4B08-AE72-821F88384ECA}.Debug|ARM.Deploy.0 = Debug|ARM
		{A6E9C764-8DA3-4B08-AE72-821F88384ECA}.Debug|iPhone.ActiveCfg = Debug|x86
		{A6E9C764-8DA3-4B08-AE72-821F88384ECA}.Debug|iPhone.Build.0 = Debug|x86
		{A6E9C764-8DA3-4B08-AE72-821F88384ECA}.Debug|iPhone.Deploy.0 = Debug|x86
		{A6E9C764-8DA3-4B08-AE72-821F88384ECA}.Debug|iPhoneSimulator.ActiveCfg = Debug|x86
		{A6E9C764-8DA3-4B08-AE72-821F88384ECA}.Debug|iPhoneSimulator.Build.0 = Debug|x86
		{A6E9C764-8DA3-4B08-AE72-821F88384ECA}.Debug|iPhoneSimulator.Deploy.0 = Debug|x86
		{A6E9C764-8DA3-4B08-AE72-821F88384ECA}.Debug|x64.ActiveCfg = Debug|x64
		{A6E9C764-8DA3-4B08-AE72-821F88384ECA}.Debug|x64.Build.0 = Debug|x64
		{A6E9C764-8DA3-4B08-AE72-821F88384ECA}.Debug|x64.Deploy.0 = Debug|x64
		{A6E9C764-8DA3-4B08-AE72-821F88384ECA}.Debug|x86.ActiveCfg = Debug|x86
		{A6E9C764-8DA3-4B08-AE72-821F88384ECA}.Debug|x86.Build.0 = Debug|x86
		{A6E9C764-8DA3-4B08-AE72-821F88384ECA}.Debug|x86.Deploy.0 = Debug|x86
		{A6E9C764-8DA3-4B08-AE72-821F88384ECA}.Release|Any CPU.ActiveCfg = Release|x86
		{A6E9C764-8DA3-4B08-AE72-821F88384ECA}.Release|Any CPU.Build.0 = Release|x86
		{A6E9C764-8DA3-4B08-AE72-821F88384ECA}.Release|Any CPU.Deploy.0 = Release|x86
		{A6E9C764-8DA3-4B08-AE72-821F88384ECA}.Release|ARM.ActiveCfg = Release|ARM
		{A6E9C764-8DA3-4B08-AE72-821F88384ECA}.Release|ARM.Build.0 = Release|ARM
		{A6E9C764-8DA3-4B08-AE72-821F88384ECA}.Release|ARM.Deploy.0 = Release|ARM
		{A6E9C764-8DA3-4B08-AE72-821F88384ECA}.Release|iPhone.ActiveCfg = Release|x86
		{A6E9C764-8DA3-4B08-AE72-821F88384ECA}.Release|iPhone.Build.0 = Release|x86
		{A6E9C764-8DA3-4B08-AE72-821F88384ECA}.Release|iPhone.Deploy.0 = Release|x86
		{A6E9C764-8DA3-4B08-AE72-821F88384ECA}.Release|iPhoneSimulator.ActiveCfg = Release|x86
		{A6E9C764-8DA3-4B08-AE72-821F88384ECA}.Release|iPhoneSimulator.Build.0 = Release|x86
		{A6E9C764-8DA3-4B08-AE72-821F88384ECA}.Release|iPhoneSimulator.Deploy.0 = Release|x86
		{A6E9C764-8DA3-4B08-AE72-821F88384ECA}.Release|x64.ActiveCfg = Release|x64
		{A6E9C764-8DA3-4B08-AE72-821F88384ECA}.Release|x64.Build.0 = Release|x64
		{A6E9C764-8DA3-4B08-AE72-821F88384ECA}.Release|x64.Deploy.0 = Release|x64
		{A6E9C764-8DA3-4B08-AE72-821F88384ECA}.Release|x86.ActiveCfg = Release|x86
		{A6E9C764-8DA3-4B08-AE72-821F88384ECA}.Release|x86.Build.0 = Release|x86
		{A6E9C764-8DA3-4B08-AE72-821F88384ECA}.Release|x86.Deploy.0 = Release|x86
		{D2A17FDE-2CD2-49B6-9B35-75E361EEBE6C}.Ad-Hoc|Any CPU.ActiveCfg = Debug|Any CPU
		{D2A17FDE-2CD2-49B6-9B35-75E361EEBE6C}.Ad-Hoc|Any CPU.Build.0 = Debug|Any CPU
		{D2A17FDE-2CD2-49B6-9B35-75E361EEBE6C}.Ad-Hoc|Any CPU.Deploy.0 = Debug|Any CPU
		{D2A17FDE-2CD2-49B6-9B35-75E361EEBE6C}.Ad-Hoc|ARM.ActiveCfg = Debug|Any CPU
		{D2A17FDE-2CD2-49B6-9B35-75E361EEBE6C}.Ad-Hoc|ARM.Build.0 = Debug|Any CPU
		{D2A17FDE-2CD2-49B6-9B35-75E361EEBE6C}.Ad-Hoc|ARM.Deploy.0 = Debug|Any CPU
		{D2A17FDE-2CD2-49B6-9B35-75E361EEBE6C}.Ad-Hoc|iPhone.ActiveCfg = Debug|Any CPU
		{D2A17FDE-2CD2-49B6-9B35-75E361EEBE6C}.Ad-Hoc|iPhone.Build.0 = Debug|Any CPU
		{D2A17FDE-2CD2-49B6-9B35-75E361EEBE6C}.Ad-Hoc|iPhone.Deploy.0 = Debug|Any CPU
		{D2A17FDE-2CD2-49B6-9B35-75E361EEBE6C}.Ad-Hoc|iPhoneSimulator.ActiveCfg = Debug|Any CPU
		{D2A17FDE-2CD2-49B6-9B35-75E361EEBE6C}.Ad-Hoc|iPhoneSimulator.Build.0 = Debug|Any CPU
		{D2A17FDE-2CD2-49B6-9B35-75E361EEBE6C}.Ad-Hoc|iPhoneSimulator.Deploy.0 = Debug|Any CPU
		{D2A17FDE-2CD2-49B6-9B35-75E361EEBE6C}.Ad-Hoc|x64.ActiveCfg = Debug|Any CPU
		{D2A17FDE-2CD2-49B6-9B35-75E361EEBE6C}.Ad-Hoc|x64.Build.0 = Debug|Any CPU
		{D2A17FDE-2CD2-49B6-9B35-75E361EEBE6C}.Ad-Hoc|x64.Deploy.0 = Debug|Any CPU
		{D2A17FDE-2CD2-49B6-9B35-75E361EEBE6C}.Ad-Hoc|x86.ActiveCfg = Debug|Any CPU
		{D2A17FDE-2CD2-49B6-9B35-75E361EEBE6C}.Ad-Hoc|x86.Build.0 = Debug|Any CPU
		{D2A17FDE-2CD2-49B6-9B35-75E361EEBE6C}.Ad-Hoc|x86.Deploy.0 = Debug|Any CPU
		{D2A17FDE-2CD2-49B6-9B35-75E361EEBE6C}.AppStore|Any CPU.ActiveCfg = Debug|Any CPU
		{D2A17FDE-2CD2-49B6-9B35-75E361EEBE6C}.AppStore|Any CPU.Build.0 = Debug|Any CPU
		{D2A17FDE-2CD2-49B6-9B35-75E361EEBE6C}.AppStore|Any CPU.Deploy.0 = Debug|Any CPU
		{D2A17FDE-2CD2-49B6-9B35-75E361EEBE6C}.AppStore|ARM.ActiveCfg = Debug|Any CPU
		{D2A17FDE-2CD2-49B6-9B35-75E361EEBE6C}.AppStore|ARM.Build.0 = Debug|Any CPU
		{D2A17FDE-2CD2-49B6-9B35-75E361EEBE6C}.AppStore|ARM.Deploy.0 = Debug|Any CPU
		{D2A17FDE-2CD2-49B6-9B35-75E361EEBE6C}.AppStore|iPhone.ActiveCfg = Debug|Any CPU
		{D2A17FDE-2CD2-49B6-9B35-75E361EEBE6C}.AppStore|iPhone.Build.0 = Debug|Any CPU
		{D2A17FDE-2CD2-49B6-9B35-75E361EEBE6C}.AppStore|iPhone.Deploy.0 = Debug|Any CPU
		{D2A17FDE-2CD2-49B6-9B35-75E361EEBE6C}.AppStore|iPhoneSimulator.ActiveCfg = Debug|Any CPU
		{D2A17FDE-2CD2-49B6-9B35-75E361EEBE6C}.AppStore|iPhoneSimulator.Build.0 = Debug|Any CPU
		{D2A17FDE-2CD2-49B6-9B35-75E361EEBE6C}.AppStore|iPhoneSimulator.Deploy.0 = Debug|Any CPU
		{D2A17FDE-2CD2-49B6-9B35-75E361EEBE6C}.AppStore|x64.ActiveCfg = Debug|Any CPU
		{D2A17FDE-2CD2-49B6-9B35-75E361EEBE6C}.AppStore|x64.Build.0 = Debug|Any CPU
		{D2A17FDE-2CD2-49B6-9B35-75E361EEBE6C}.AppStore|x64.Deploy.0 = Debug|Any CPU
		{D2A17FDE-2CD2-49B6-9B35-75E361EEBE6C}.AppStore|x86.ActiveCfg = Debug|Any CPU
		{D2A17FDE-2CD2-49B6-9B35-75E361EEBE6C}.AppStore|x86.Build.0 = Debug|Any CPU
		{D2A17FDE-2CD2-49B6-9B35-75E361EEBE6C}.AppStore|x86.Deploy.0 = Debug|Any CPU
		{D2A17FDE-2CD2-49B6-9B35-75E361EEBE6C}.Debug|Any CPU.ActiveCfg = Debug|Any CPU
		{D2A17FDE-2CD2-49B6-9B35-75E361EEBE6C}.Debug|Any CPU.Build.0 = Debug|Any CPU
		{D2A17FDE-2CD2-49B6-9B35-75E361EEBE6C}.Debug|Any CPU.Deploy.0 = Debug|Any CPU
		{D2A17FDE-2CD2-49B6-9B35-75E361EEBE6C}.Debug|ARM.ActiveCfg = Debug|Any CPU
		{D2A17FDE-2CD2-49B6-9B35-75E361EEBE6C}.Debug|ARM.Build.0 = Debug|Any CPU
		{D2A17FDE-2CD2-49B6-9B35-75E361EEBE6C}.Debug|ARM.Deploy.0 = Debug|Any CPU
		{D2A17FDE-2CD2-49B6-9B35-75E361EEBE6C}.Debug|iPhone.ActiveCfg = Debug|Any CPU
		{D2A17FDE-2CD2-49B6-9B35-75E361EEBE6C}.Debug|iPhone.Build.0 = Debug|Any CPU
		{D2A17FDE-2CD2-49B6-9B35-75E361EEBE6C}.Debug|iPhone.Deploy.0 = Debug|Any CPU
		{D2A17FDE-2CD2-49B6-9B35-75E361EEBE6C}.Debug|iPhoneSimulator.ActiveCfg = Debug|Any CPU
		{D2A17FDE-2CD2-49B6-9B35-75E361EEBE6C}.Debug|iPhoneSimulator.Build.0 = Debug|Any CPU
		{D2A17FDE-2CD2-49B6-9B35-75E361EEBE6C}.Debug|iPhoneSimulator.Deploy.0 = Debug|Any CPU
		{D2A17FDE-2CD2-49B6-9B35-75E361EEBE6C}.Debug|x64.ActiveCfg = Debug|Any CPU
		{D2A17FDE-2CD2-49B6-9B35-75E361EEBE6C}.Debug|x64.Build.0 = Debug|Any CPU
		{D2A17FDE-2CD2-49B6-9B35-75E361EEBE6C}.Debug|x64.Deploy.0 = Debug|Any CPU
		{D2A17FDE-2CD2-49B6-9B35-75E361EEBE6C}.Debug|x86.ActiveCfg = Debug|Any CPU
		{D2A17FDE-2CD2-49B6-9B35-75E361EEBE6C}.Debug|x86.Build.0 = Debug|Any CPU
		{D2A17FDE-2CD2-49B6-9B35-75E361EEBE6C}.Debug|x86.Deploy.0 = Debug|Any CPU
		{D2A17FDE-2CD2-49B6-9B35-75E361EEBE6C}.Release|Any CPU.ActiveCfg = Release|Any CPU
		{D2A17FDE-2CD2-49B6-9B35-75E361EEBE6C}.Release|Any CPU.Build.0 = Release|Any CPU
		{D2A17FDE-2CD2-49B6-9B35-75E361EEBE6C}.Release|Any CPU.Deploy.0 = Release|Any CPU
		{D2A17FDE-2CD2-49B6-9B35-75E361EEBE6C}.Release|ARM.ActiveCfg = Release|Any CPU
		{D2A17FDE-2CD2-49B6-9B35-75E361EEBE6C}.Release|ARM.Build.0 = Release|Any CPU
		{D2A17FDE-2CD2-49B6-9B35-75E361EEBE6C}.Release|ARM.Deploy.0 = Release|Any CPU
		{D2A17FDE-2CD2-49B6-9B35-75E361EEBE6C}.Release|iPhone.ActiveCfg = Release|Any CPU
		{D2A17FDE-2CD2-49B6-9B35-75E361EEBE6C}.Release|iPhone.Build.0 = Release|Any CPU
		{D2A17FDE-2CD2-49B6-9B35-75E361EEBE6C}.Release|iPhone.Deploy.0 = Release|Any CPU
		{D2A17FDE-2CD2-49B6-9B35-75E361EEBE6C}.Release|iPhoneSimulator.ActiveCfg = Release|Any CPU
		{D2A17FDE-2CD2-49B6-9B35-75E361EEBE6C}.Release|iPhoneSimulator.Build.0 = Release|Any CPU
		{D2A17FDE-2CD2-49B6-9B35-75E361EEBE6C}.Release|iPhoneSimulator.Deploy.0 = Release|Any CPU
		{D2A17FDE-2CD2-49B6-9B35-75E361EEBE6C}.Release|x64.ActiveCfg = Release|Any CPU
		{D2A17FDE-2CD2-49B6-9B35-75E361EEBE6C}.Release|x64.Build.0 = Release|Any CPU
		{D2A17FDE-2CD2-49B6-9B35-75E361EEBE6C}.Release|x64.Deploy.0 = Release|Any CPU
		{D2A17FDE-2CD2-49B6-9B35-75E361EEBE6C}.Release|x86.ActiveCfg = Release|Any CPU
		{D2A17FDE-2CD2-49B6-9B35-75E361EEBE6C}.Release|x86.Build.0 = Release|Any CPU
		{D2A17FDE-2CD2-49B6-9B35-75E361EEBE6C}.Release|x86.Deploy.0 = Release|Any CPU
	EndGlobalSection
	GlobalSection(SolutionProperties) = preSolution
		HideSolutionNode = FALSE
	EndGlobalSection
	GlobalSection(ExtensibilityGlobals) = postSolution
		SolutionGuid = {E3D09493-35AB-4F1B-83DD-E797C8C3DCE9}
	EndGlobalSection
EndGlobal
